
Microsoft Visual Studio Solution File, Format Version 12.00
Project("{FAE04EC0-301F-11D3-BF4B-00C04F79EFBC}") = "ThreadPoolRealisation", "ThreadPoolRealisation\ThreadPoolRealisation.csproj", "{9246B6B7-C4CB-4013-8E93-0F5C1258CB1B}"
EndProject
Project("{FAE04EC0-301F-11D3-BF4B-00C04F79EFBC}") = "ThreadPoolRealisationTests", "ThreadPoolRealisationTests\ThreadPoolRealisationTests.csproj", "{56C68B70-D7F8-4082-A99C-414DEDE1CC9D}"
EndProject
Global
	GlobalSection(SolutionConfigurationPlatforms) = preSolution
		Debug|Any CPU = Debug|Any CPU
		Release|Any CPU = Release|Any CPU
	EndGlobalSection
	GlobalSection(ProjectConfigurationPlatforms) = postSolution
		{9246B6B7-C4CB-4013-8E93-0F5C1258CB1B}.Debug|Any CPU.ActiveCfg = Debug|Any CPU
		{9246B6B7-C4CB-4013-8E93-0F5C1258CB1B}.Debug|Any CPU.Build.0 = Debug|Any CPU
		{9246B6B7-C4CB-4013-8E93-0F5C1258CB1B}.Release|Any CPU.ActiveCfg = Release|Any CPU
		{9246B6B7-C4CB-4013-8E93-0F5C1258CB1B}.Release|Any CPU.Build.0 = Release|Any CPU
		{56C68B70-D7F8-4082-A99C-414DEDE1CC9D}.Debug|Any CPU.ActiveCfg = Debug|Any CPU
		{56C68B70-D7F8-4082-A99C-414DEDE1CC9D}.Debug|Any CPU.Build.0 = Debug|Any CPU
		{56C68B70-D7F8-4082-A99C-414DEDE1CC9D}.Release|Any CPU.ActiveCfg = Release|Any CPU
		{56C68B70-D7F8-4082-A99C-414DEDE1CC9D}.Release|Any CPU.Build.0 = Release|Any CPU
	EndGlobalSection
EndGlobal
