
Microsoft Visual Studio Solution File, Format Version 12.00
Project("{FAE04EC0-301F-11D3-BF4B-00C04F79EFBC}") = "LazyInitializationTests", "LazyInitializationTests\LazyInitializationTests.csproj", "{08F81601-E53E-4479-B86A-BF01AD4B5791}"
EndProject
Project("{FAE04EC0-301F-11D3-BF4B-00C04F79EFBC}") = "LazyInitialization", "LazyInitialization\LazyInitialization.csproj", "{647E587F-8677-4CE7-A47A-17B3C1FC7DAD}"
EndProject
Global
	GlobalSection(SolutionConfigurationPlatforms) = preSolution
		Debug|Any CPU = Debug|Any CPU
		Release|Any CPU = Release|Any CPU
	EndGlobalSection
	GlobalSection(ProjectConfigurationPlatforms) = postSolution
		{08F81601-E53E-4479-B86A-BF01AD4B5791}.Debug|Any CPU.ActiveCfg = Debug|Any CPU
		{08F81601-E53E-4479-B86A-BF01AD4B5791}.Debug|Any CPU.Build.0 = Debug|Any CPU
		{08F81601-E53E-4479-B86A-BF01AD4B5791}.Release|Any CPU.ActiveCfg = Release|Any CPU
		{08F81601-E53E-4479-B86A-BF01AD4B5791}.Release|Any CPU.Build.0 = Release|Any CPU
		{647E587F-8677-4CE7-A47A-17B3C1FC7DAD}.Debug|Any CPU.ActiveCfg = Debug|Any CPU
		{647E587F-8677-4CE7-A47A-17B3C1FC7DAD}.Debug|Any CPU.Build.0 = Debug|Any CPU
		{647E587F-8677-4CE7-A47A-17B3C1FC7DAD}.Release|Any CPU.ActiveCfg = Release|Any CPU
		{647E587F-8677-4CE7-A47A-17B3C1FC7DAD}.Release|Any CPU.Build.0 = Release|Any CPU
	EndGlobalSection
EndGlobal
